
Microsoft Visual Studio Solution File, Format Version 12.00
# Visual Studio Version 17
VisualStudioVersion = 17.3.32811.315
MinimumVisualStudioVersion = 10.0.40219.1
Project("{FAE04EC0-301F-11D3-BF4B-00C04F79EFBC}") = "Covariance_And_Contravariance", "Covariance_And_Contravariance\Covariance_And_Contravariance.csproj", "{EE41A07B-A72C-4C3F-832B-8108AE067CDC}"
EndProject
Global
	GlobalSection(SolutionConfigurationPlatforms) = preSolution
		Debug|Any CPU = Debug|Any CPU
		Release|Any CPU = Release|Any CPU
	EndGlobalSection
	GlobalSection(ProjectConfigurationPlatforms) = postSolution
		{EE41A07B-A72C-4C3F-832B-8108AE067CDC}.Debug|Any CPU.ActiveCfg = Debug|Any CPU
		{EE41A07B-A72C-4C3F-832B-8108AE067CDC}.Debug|Any CPU.Build.0 = Debug|Any CPU
		{EE41A07B-A72C-4C3F-832B-8108AE067CDC}.Release|Any CPU.ActiveCfg = Release|Any CPU
		{EE41A07B-A72C-4C3F-832B-8108AE067CDC}.Release|Any CPU.Build.0 = Release|Any CPU
	EndGlobalSection
	GlobalSection(SolutionProperties) = preSolution
		HideSolutionNode = FALSE
	EndGlobalSection
	GlobalSection(ExtensibilityGlobals) = postSolution
		SolutionGuid = {DBA0E98A-DF98-4154-8B12-B057433E0EA2}
	EndGlobalSection
EndGlobal
